
Microsoft Visual Studio Solution File, Format Version 12.00
# Visual Studio Version 17
VisualStudioVersion = 17.4.33103.184
MinimumVisualStudioVersion = 10.0.40219.1
Project("{FAE04EC0-301F-11D3-BF4B-00C04F79EFBC}") = "capitulo 4 ejercico 6", "capitulo 4 ejercico 6\capitulo 4 ejercico 6.csproj", "{0A6C89EE-6746-4713-8F0B-A51E4D262FB2}"
EndProject
Global
	GlobalSection(SolutionConfigurationPlatforms) = preSolution
		Debug|Any CPU = Debug|Any CPU
		Release|Any CPU = Release|Any CPU
	EndGlobalSection
	GlobalSection(ProjectConfigurationPlatforms) = postSolution
		{0A6C89EE-6746-4713-8F0B-A51E4D262FB2}.Debug|Any CPU.ActiveCfg = Debug|Any CPU
		{0A6C89EE-6746-4713-8F0B-A51E4D262FB2}.Debug|Any CPU.Build.0 = Debug|Any CPU
		{0A6C89EE-6746-4713-8F0B-A51E4D262FB2}.Release|Any CPU.ActiveCfg = Release|Any CPU
		{0A6C89EE-6746-4713-8F0B-A51E4D262FB2}.Release|Any CPU.Build.0 = Release|Any CPU
	EndGlobalSection
	GlobalSection(SolutionProperties) = preSolution
		HideSolutionNode = FALSE
	EndGlobalSection
	GlobalSection(ExtensibilityGlobals) = postSolution
		SolutionGuid = {BAFB1544-F5D8-48FC-9D29-17024682BE9C}
	EndGlobalSection
EndGlobal
